
Microsoft Visual Studio Solution File, Format Version 12.00
# Visual Studio Version 16
VisualStudioVersion = 16.0.31515.178
MinimumVisualStudioVersion = 10.0.40219.1
Project("{FAE04EC0-301F-11D3-BF4B-00C04F79EFBC}") = "Greedy Meshing", "Greedy Meshing\Greedy Meshing.csproj", "{5FE82E97-903C-42EE-9361-052FBBA48752}"
EndProject
Global
	GlobalSection(SolutionConfigurationPlatforms) = preSolution
		Debug|Any CPU = Debug|Any CPU
		Release|Any CPU = Release|Any CPU
	EndGlobalSection
	GlobalSection(ProjectConfigurationPlatforms) = postSolution
		{5FE82E97-903C-42EE-9361-052FBBA48752}.Debug|Any CPU.ActiveCfg = Debug|Any CPU
		{5FE82E97-903C-42EE-9361-052FBBA48752}.Debug|Any CPU.Build.0 = Debug|Any CPU
		{5FE82E97-903C-42EE-9361-052FBBA48752}.Release|Any CPU.ActiveCfg = Release|Any CPU
		{5FE82E97-903C-42EE-9361-052FBBA48752}.Release|Any CPU.Build.0 = Release|Any CPU
	EndGlobalSection
	GlobalSection(SolutionProperties) = preSolution
		HideSolutionNode = FALSE
	EndGlobalSection
	GlobalSection(ExtensibilityGlobals) = postSolution
		SolutionGuid = {8F19640F-5DB1-4300-8F08-0C5CC155CF91}
	EndGlobalSection
EndGlobal
